// !$*UTF8*$!
{
	archiveVersion = 1;
	classes = {
	};
	objectVersion = 50;
	objects = {

/* Begin PBXBuildFile section */
		0927C8EC26A7EABD00AA1CB3 /* HotelDetailsFormViewController.swift in Sources */ = {isa = PBXBuildFile; fileRef = 0927C8EB26A7EABD00AA1CB3 /* HotelDetailsFormViewController.swift */; };
		0927C8F126A7EC3500AA1CB3 /* BaseViewController.swift in Sources */ = {isa = PBXBuildFile; fileRef = 0927C8F026A7EC3500AA1CB3 /* BaseViewController.swift */; };
		09CD08FF26A7C2E300574B58 /* AppDelegate.swift in Sources */ = {isa = PBXBuildFile; fileRef = 09CD08FE26A7C2E300574B58 /* AppDelegate.swift */; };
		09CD090126A7C2E300574B58 /* SceneDelegate.swift in Sources */ = {isa = PBXBuildFile; fileRef = 09CD090026A7C2E300574B58 /* SceneDelegate.swift */; };
		09CD090326A7C2E300574B58 /* HotelsListViewController.swift in Sources */ = {isa = PBXBuildFile; fileRef = 09CD090226A7C2E300574B58 /* HotelsListViewController.swift */; };
		09CD090626A7C2E300574B58 /* Main.storyboard in Resources */ = {isa = PBXBuildFile; fileRef = 09CD090426A7C2E300574B58 /* Main.storyboard */; };
		09CD090826A7C2E400574B58 /* Assets.xcassets in Resources */ = {isa = PBXBuildFile; fileRef = 09CD090726A7C2E400574B58 /* Assets.xcassets */; };
		09CD090B26A7C2E400574B58 /* LaunchScreen.storyboard in Resources */ = {isa = PBXBuildFile; fileRef = 09CD090926A7C2E400574B58 /* LaunchScreen.storyboard */; };
		09CD091626A7C2E500574B58 /* MyHotelsTests.swift in Sources */ = {isa = PBXBuildFile; fileRef = 09CD091526A7C2E500574B58 /* MyHotelsTests.swift */; };
		09CD092126A7C2E500574B58 /* MyHotelsUITests.swift in Sources */ = {isa = PBXBuildFile; fileRef = 09CD092026A7C2E500574B58 /* MyHotelsUITests.swift */; };
		09CD093226A7C49700574B58 /* Requirement.pdf in Resources */ = {isa = PBXBuildFile; fileRef = 09CD093126A7C49700574B58 /* Requirement.pdf */; };
		09CD094226A7C56400574B58 /* Hotel.swift in Sources */ = {isa = PBXBuildFile; fileRef = 09CD094126A7C56400574B58 /* Hotel.swift */; };
/* End PBXBuildFile section */

/* Begin PBXContainerItemProxy section */
		09CD091226A7C2E500574B58 /* PBXContainerItemProxy */ = {
			isa = PBXContainerItemProxy;
			containerPortal = 09CD08F326A7C2E300574B58 /* Project object */;
			proxyType = 1;
			remoteGlobalIDString = 09CD08FA26A7C2E300574B58;
			remoteInfo = MyHotels;
		};
		09CD091D26A7C2E500574B58 /* PBXContainerItemProxy */ = {
			isa = PBXContainerItemProxy;
			containerPortal = 09CD08F326A7C2E300574B58 /* Project object */;
			proxyType = 1;
			remoteGlobalIDString = 09CD08FA26A7C2E300574B58;
			remoteInfo = MyHotels;
		};
/* End PBXContainerItemProxy section */

/* Begin PBXFileReference section */
		0927C8EB26A7EABD00AA1CB3 /* HotelDetailsFormViewController.swift */ = {isa = PBXFileReference; lastKnownFileType = sourcecode.swift; name = HotelDetailsFormViewController.swift; path = ../../../HotelDetailsFormViewController.swift; sourceTree = "<group>"; };
		0927C8F026A7EC3500AA1CB3 /* BaseViewController.swift */ = {isa = PBXFileReference; lastKnownFileType = sourcecode.swift; name = BaseViewController.swift; path = ../../../BaseViewController.swift; sourceTree = "<group>"; };
		09CD08FB26A7C2E300574B58 /* MyHotels.app */ = {isa = PBXFileReference; explicitFileType = wrapper.application; includeInIndex = 0; path = MyHotels.app; sourceTree = BUILT_PRODUCTS_DIR; };
		09CD08FE26A7C2E300574B58 /* AppDelegate.swift */ = {isa = PBXFileReference; lastKnownFileType = sourcecode.swift; path = AppDelegate.swift; sourceTree = "<group>"; };
		09CD090026A7C2E300574B58 /* SceneDelegate.swift */ = {isa = PBXFileReference; lastKnownFileType = sourcecode.swift; path = SceneDelegate.swift; sourceTree = "<group>"; };
		09CD090226A7C2E300574B58 /* HotelsListViewController.swift */ = {isa = PBXFileReference; lastKnownFileType = sourcecode.swift; path = HotelsListViewController.swift; sourceTree = "<group>"; };
		09CD090526A7C2E300574B58 /* Base */ = {isa = PBXFileReference; lastKnownFileType = file.storyboard; name = Base; path = Base.lproj/Main.storyboard; sourceTree = "<group>"; };
		09CD090726A7C2E400574B58 /* Assets.xcassets */ = {isa = PBXFileReference; lastKnownFileType = folder.assetcatalog; path = Assets.xcassets; sourceTree = "<group>"; };
		09CD090A26A7C2E400574B58 /* Base */ = {isa = PBXFileReference; lastKnownFileType = file.storyboard; name = Base; path = Base.lproj/LaunchScreen.storyboard; sourceTree = "<group>"; };
		09CD090C26A7C2E400574B58 /* Info.plist */ = {isa = PBXFileReference; lastKnownFileType = text.plist.xml; path = Info.plist; sourceTree = "<group>"; };
		09CD091126A7C2E500574B58 /* MyHotelsTests.xctest */ = {isa = PBXFileReference; explicitFileType = wrapper.cfbundle; includeInIndex = 0; path = MyHotelsTests.xctest; sourceTree = BUILT_PRODUCTS_DIR; };
		09CD091526A7C2E500574B58 /* MyHotelsTests.swift */ = {isa = PBXFileReference; lastKnownFileType = sourcecode.swift; path = MyHotelsTests.swift; sourceTree = "<group>"; };
		09CD091726A7C2E500574B58 /* Info.plist */ = {isa = PBXFileReference; lastKnownFileType = text.plist.xml; path = Info.plist; sourceTree = "<group>"; };
		09CD091C26A7C2E500574B58 /* MyHotelsUITests.xctest */ = {isa = PBXFileReference; explicitFileType = wrapper.cfbundle; includeInIndex = 0; path = MyHotelsUITests.xctest; sourceTree = BUILT_PRODUCTS_DIR; };
		09CD092026A7C2E500574B58 /* MyHotelsUITests.swift */ = {isa = PBXFileReference; lastKnownFileType = sourcecode.swift; path = MyHotelsUITests.swift; sourceTree = "<group>"; };
		09CD092226A7C2E500574B58 /* Info.plist */ = {isa = PBXFileReference; lastKnownFileType = text.plist.xml; path = Info.plist; sourceTree = "<group>"; };
		09CD093126A7C49700574B58 /* Requirement.pdf */ = {isa = PBXFileReference; lastKnownFileType = image.pdf; path = Requirement.pdf; sourceTree = "<group>"; };
		09CD094126A7C56400574B58 /* Hotel.swift */ = {isa = PBXFileReference; lastKnownFileType = sourcecode.swift; path = Hotel.swift; sourceTree = "<group>"; };
/* End PBXFileReference section */

/* Begin PBXFrameworksBuildPhase section */
		09CD08F826A7C2E300574B58 /* Frameworks */ = {
			isa = PBXFrameworksBuildPhase;
			buildActionMask = 2147483647;
			files = (
			);
			runOnlyForDeploymentPostprocessing = 0;
		};
		09CD090E26A7C2E500574B58 /* Frameworks */ = {
			isa = PBXFrameworksBuildPhase;
			buildActionMask = 2147483647;
			files = (
			);
			runOnlyForDeploymentPostprocessing = 0;
		};
		09CD091926A7C2E500574B58 /* Frameworks */ = {
			isa = PBXFrameworksBuildPhase;
			buildActionMask = 2147483647;
			files = (
			);
			runOnlyForDeploymentPostprocessing = 0;
		};
/* End PBXFrameworksBuildPhase section */

/* Begin PBXGroup section */
		09CD08F226A7C2E300574B58 = {
			isa = PBXGroup;
			children = (
				09CD08FD26A7C2E300574B58 /* MyHotels */,
				09CD091426A7C2E500574B58 /* MyHotelsTests */,
				09CD091F26A7C2E500574B58 /* MyHotelsUITests */,
				09CD08FC26A7C2E300574B58 /* Products */,
			);
			sourceTree = "<group>";
		};
		09CD08FC26A7C2E300574B58 /* Products */ = {
			isa = PBXGroup;
			children = (
				09CD08FB26A7C2E300574B58 /* MyHotels.app */,
				09CD091126A7C2E500574B58 /* MyHotelsTests.xctest */,
				09CD091C26A7C2E500574B58 /* MyHotelsUITests.xctest */,
			);
			name = Products;
			sourceTree = "<group>";
		};
		09CD08FD26A7C2E300574B58 /* MyHotels */ = {
			isa = PBXGroup;
			children = (
				09CD094026A7C55100574B58 /* Models */,
				09CD08FE26A7C2E300574B58 /* AppDelegate.swift */,
				09CD090026A7C2E300574B58 /* SceneDelegate.swift */,
				09CD093626A7C4AE00574B58 /* SupportingFiles */,
				09CD090226A7C2E300574B58 /* HotelsListViewController.swift */,
				0927C8EB26A7EABD00AA1CB3 /* HotelDetailsFormViewController.swift */,
				0927C8F026A7EC3500AA1CB3 /* BaseViewController.swift */,
				09CD090426A7C2E300574B58 /* Main.storyboard */,
				09CD090726A7C2E400574B58 /* Assets.xcassets */,
				09CD090926A7C2E400574B58 /* LaunchScreen.storyboard */,
				09CD090C26A7C2E400574B58 /* Info.plist */,
			);
			path = MyHotels;
			sourceTree = "<group>";
		};
		09CD091426A7C2E500574B58 /* MyHotelsTests */ = {
			isa = PBXGroup;
			children = (
				09CD091526A7C2E500574B58 /* MyHotelsTests.swift */,
				09CD091726A7C2E500574B58 /* Info.plist */,
			);
			path = MyHotelsTests;
			sourceTree = "<group>";
		};
		09CD091F26A7C2E500574B58 /* MyHotelsUITests */ = {
			isa = PBXGroup;
			children = (
				09CD092026A7C2E500574B58 /* MyHotelsUITests.swift */,
				09CD092226A7C2E500574B58 /* Info.plist */,
			);
			path = MyHotelsUITests;
			sourceTree = "<group>";
		};
		09CD093626A7C4AE00574B58 /* SupportingFiles */ = {
			isa = PBXGroup;
			children = (
				09CD093126A7C49700574B58 /* Requirement.pdf */,
			);
			path = SupportingFiles;
			sourceTree = "<group>";
		};
		09CD094026A7C55100574B58 /* Models */ = {
			isa = PBXGroup;
			children = (
				09CD094126A7C56400574B58 /* Hotel.swift */,
			);
			path = Models;
			sourceTree = "<group>";
		};
/* End PBXGroup section */

/* Begin PBXNativeTarget section */
		09CD08FA26A7C2E300574B58 /* MyHotels */ = {
			isa = PBXNativeTarget;
			buildConfigurationList = 09CD092526A7C2E500574B58 /* Build configuration list for PBXNativeTarget "MyHotels" */;
			buildPhases = (
				09CD08F726A7C2E300574B58 /* Sources */,
				09CD08F826A7C2E300574B58 /* Frameworks */,
				09CD08F926A7C2E300574B58 /* Resources */,
			);
			buildRules = (
			);
			dependencies = (
			);
			name = MyHotels;
			productName = MyHotels;
			productReference = 09CD08FB26A7C2E300574B58 /* MyHotels.app */;
			productType = "com.apple.product-type.application";
		};
		09CD091026A7C2E500574B58 /* MyHotelsTests */ = {
			isa = PBXNativeTarget;
			buildConfigurationList = 09CD092826A7C2E500574B58 /* Build configuration list for PBXNativeTarget "MyHotelsTests" */;
			buildPhases = (
				09CD090D26A7C2E500574B58 /* Sources */,
				09CD090E26A7C2E500574B58 /* Frameworks */,
				09CD090F26A7C2E500574B58 /* Resources */,
			);
			buildRules = (
			);
			dependencies = (
				09CD091326A7C2E500574B58 /* PBXTargetDependency */,
			);
			name = MyHotelsTests;
			productName = MyHotelsTests;
			productReference = 09CD091126A7C2E500574B58 /* MyHotelsTests.xctest */;
			productType = "com.apple.product-type.bundle.unit-test";
		};
		09CD091B26A7C2E500574B58 /* MyHotelsUITests */ = {
			isa = PBXNativeTarget;
			buildConfigurationList = 09CD092B26A7C2E500574B58 /* Build configuration list for PBXNativeTarget "MyHotelsUITests" */;
			buildPhases = (
				09CD091826A7C2E500574B58 /* Sources */,
				09CD091926A7C2E500574B58 /* Frameworks */,
				09CD091A26A7C2E500574B58 /* Resources */,
			);
			buildRules = (
			);
			dependencies = (
				09CD091E26A7C2E500574B58 /* PBXTargetDependency */,
			);
			name = MyHotelsUITests;
			productName = MyHotelsUITests;
			productReference = 09CD091C26A7C2E500574B58 /* MyHotelsUITests.xctest */;
			productType = "com.apple.product-type.bundle.ui-testing";
		};
/* End PBXNativeTarget section */

/* Begin PBXProject section */
		09CD08F326A7C2E300574B58 /* Project object */ = {
			isa = PBXProject;
			attributes = {
				LastSwiftUpdateCheck = 1210;
				LastUpgradeCheck = 1210;
				TargetAttributes = {
					09CD08FA26A7C2E300574B58 = {
						CreatedOnToolsVersion = 12.1.1;
					};
					09CD091026A7C2E500574B58 = {
						CreatedOnToolsVersion = 12.1.1;
						TestTargetID = 09CD08FA26A7C2E300574B58;
					};
					09CD091B26A7C2E500574B58 = {
						CreatedOnToolsVersion = 12.1.1;
						TestTargetID = 09CD08FA26A7C2E300574B58;
					};
				};
			};
			buildConfigurationList = 09CD08F626A7C2E300574B58 /* Build configuration list for PBXProject "MyHotels" */;
			compatibilityVersion = "Xcode 9.3";
			developmentRegion = en;
			hasScannedForEncodings = 0;
			knownRegions = (
				en,
				Base,
			);
			mainGroup = 09CD08F226A7C2E300574B58;
			productRefGroup = 09CD08FC26A7C2E300574B58 /* Products */;
			projectDirPath = "";
			projectRoot = "";
			targets = (
				09CD08FA26A7C2E300574B58 /* MyHotels */,
				09CD091026A7C2E500574B58 /* MyHotelsTests */,
				09CD091B26A7C2E500574B58 /* MyHotelsUITests */,
			);
		};
/* End PBXProject section */

/* Begin PBXResourcesBuildPhase section */
		09CD08F926A7C2E300574B58 /* Resources */ = {
			isa = PBXResourcesBuildPhase;
			buildActionMask = 2147483647;
			files = (
				09CD090B26A7C2E400574B58 /* LaunchScreen.storyboard in Resources */,
				09CD093226A7C49700574B58 /* Requirement.pdf in Resources */,
				09CD090826A7C2E400574B58 /* Assets.xcassets in Resources */,
				09CD090626A7C2E300574B58 /* Main.storyboard in Resources */,
			);
			runOnlyForDeploymentPostprocessing = 0;
		};
		09CD090F26A7C2E500574B58 /* Resources */ = {
			isa = PBXResourcesBuildPhase;
			buildActionMask = 2147483647;
			files = (
			);
			runOnlyForDeploymentPostprocessing = 0;
		};
		09CD091A26A7C2E500574B58 /* Resources */ = {
			isa = PBXResourcesBuildPhase;
			buildActionMask = 2147483647;
			files = (
			);
			runOnlyForDeploymentPostprocessing = 0;
		};
/* End PBXResourcesBuildPhase section */

/* Begin PBXSourcesBuildPhase section */
		09CD08F726A7C2E300574B58 /* Sources */ = {
			isa = PBXSourcesBuildPhase;
			buildActionMask = 2147483647;
			files = (
				09CD090326A7C2E300574B58 /* HotelsListViewController.swift in Sources */,
				09CD08FF26A7C2E300574B58 /* AppDelegate.swift in Sources */,
				0927C8EC26A7EABD00AA1CB3 /* HotelDetailsFormViewController.swift in Sources */,
				09CD094226A7C56400574B58 /* Hotel.swift in Sources */,
				09CD090126A7C2E300574B58 /* SceneDelegate.swift in Sources */,
				0927C8F126A7EC3500AA1CB3 /* BaseViewController.swift in Sources */,
			);
			runOnlyForDeploymentPostprocessing = 0;
		};
		09CD090D26A7C2E500574B58 /* Sources */ = {
			isa = PBXSourcesBuildPhase;
			buildActionMask = 2147483647;
			files = (
				09CD091626A7C2E500574B58 /* MyHotelsTests.swift in Sources */,
			);
			runOnlyForDeploymentPostprocessing = 0;
		};
		09CD091826A7C2E500574B58 /* Sources */ = {
			isa = PBXSourcesBuildPhase;
			buildActionMask = 2147483647;
			files = (
				09CD092126A7C2E500574B58 /* MyHotelsUITests.swift in Sources */,
			);
			runOnlyForDeploymentPostprocessing = 0;
		};
/* End PBXSourcesBuildPhase section */

/* Begin PBXTargetDependency section */
		09CD091326A7C2E500574B58 /* PBXTargetDependency */ = {
			isa = PBXTargetDependency;
			target = 09CD08FA26A7C2E300574B58 /* MyHotels */;
			targetProxy = 09CD091226A7C2E500574B58 /* PBXContainerItemProxy */;
		};
		09CD091E26A7C2E500574B58 /* PBXTargetDependency */ = {
			isa = PBXTargetDependency;
			target = 09CD08FA26A7C2E300574B58 /* MyHotels */;
			targetProxy = 09CD091D26A7C2E500574B58 /* PBXContainerItemProxy */;
		};
/* End PBXTargetDependency section */

/* Begin PBXVariantGroup section */
		09CD090426A7C2E300574B58 /* Main.storyboard */ = {
			isa = PBXVariantGroup;
			children = (
				09CD090526A7C2E300574B58 /* Base */,
			);
			name = Main.storyboard;
			sourceTree = "<group>";
		};
		09CD090926A7C2E400574B58 /* LaunchScreen.storyboard */ = {
			isa = PBXVariantGroup;
			children = (
				09CD090A26A7C2E400574B58 /* Base */,
			);
			name = LaunchScreen.storyboard;
			sourceTree = "<group>";
		};
/* End PBXVariantGroup section */

/* Begin XCBuildConfiguration section */
		09CD092326A7C2E500574B58 /* Debug */ = {
			isa = XCBuildConfiguration;
			buildSettings = {
				ALWAYS_SEARCH_USER_PATHS = NO;
				CLANG_ANALYZER_NONNULL = YES;
				CLANG_ANALYZER_NUMBER_OBJECT_CONVERSION = YES_AGGRESSIVE;
				CLANG_CXX_LANGUAGE_STANDARD = "gnu++14";
				CLANG_CXX_LIBRARY = "libc++";
				CLANG_ENABLE_MODULES = YES;
				CLANG_ENABLE_OBJC_ARC = YES;
				CLANG_ENABLE_OBJC_WEAK = YES;
				CLANG_WARN_BLOCK_CAPTURE_AUTORELEASING = YES;
				CLANG_WARN_BOOL_CONVERSION = YES;
				CLANG_WARN_COMMA = YES;
				CLANG_WARN_CONSTANT_CONVERSION = YES;
				CLANG_WARN_DEPRECATED_OBJC_IMPLEMENTATIONS = YES;
				CLANG_WARN_DIRECT_OBJC_ISA_USAGE = YES_ERROR;
				CLANG_WARN_DOCUMENTATION_COMMENTS = YES;
				CLANG_WARN_EMPTY_BODY = YES;
				CLANG_WARN_ENUM_CONVERSION = YES;
				CLANG_WARN_INFINITE_RECURSION = YES;
				CLANG_WARN_INT_CONVERSION = YES;
				CLANG_WARN_NON_LITERAL_NULL_CONVERSION = YES;
				CLANG_WARN_OBJC_IMPLICIT_RETAIN_SELF = YES;
				CLANG_WARN_OBJC_LITERAL_CONVERSION = YES;
				CLANG_WARN_OBJC_ROOT_CLASS = YES_ERROR;
				CLANG_WARN_QUOTED_INCLUDE_IN_FRAMEWORK_HEADER = YES;
				CLANG_WARN_RANGE_LOOP_ANALYSIS = YES;
				CLANG_WARN_STRICT_PROTOTYPES = YES;
				CLANG_WARN_SUSPICIOUS_MOVE = YES;
				CLANG_WARN_UNGUARDED_AVAILABILITY = YES_AGGRESSIVE;
				CLANG_WARN_UNREACHABLE_CODE = YES;
				CLANG_WARN__DUPLICATE_METHOD_MATCH = YES;
				COPY_PHASE_STRIP = NO;
				DEBUG_INFORMATION_FORMAT = dwarf;
				ENABLE_STRICT_OBJC_MSGSEND = YES;
				ENABLE_TESTABILITY = YES;
				GCC_C_LANGUAGE_STANDARD = gnu11;
				GCC_DYNAMIC_NO_PIC = NO;
				GCC_NO_COMMON_BLOCKS = YES;
				GCC_OPTIMIZATION_LEVEL = 0;
				GCC_PREPROCESSOR_DEFINITIONS = (
					"DEBUG=1",
					"$(inherited)",
				);
				GCC_WARN_64_TO_32_BIT_CONVERSION = YES;
				GCC_WARN_ABOUT_RETURN_TYPE = YES_ERROR;
				GCC_WARN_UNDECLARED_SELECTOR = YES;
				GCC_WARN_UNINITIALIZED_AUTOS = YES_AGGRESSIVE;
				GCC_WARN_UNUSED_FUNCTION = YES;
				GCC_WARN_UNUSED_VARIABLE = YES;
				IPHONEOS_DEPLOYMENT_TARGET = 13.0;
				MTL_ENABLE_DEBUG_INFO = INCLUDE_SOURCE;
				MTL_FAST_MATH = YES;
				ONLY_ACTIVE_ARCH = YES;
				SDKROOT = iphoneos;
				SWIFT_ACTIVE_COMPILATION_CONDITIONS = DEBUG;
				SWIFT_OPTIMIZATION_LEVEL = "-Onone";
			};
			name = Debug;
		};
		09CD092426A7C2E500574B58 /* Release */ = {
			isa = XCBuildConfiguration;
			buildSettings = {
				ALWAYS_SEARCH_USER_PATHS = NO;
				CLANG_ANALYZER_NONNULL = YES;
				CLANG_ANALYZER_NUMBER_OBJECT_CONVERSION = YES_AGGRESSIVE;
				CLANG_CXX_LANGUAGE_STANDARD = "gnu++14";
				CLANG_CXX_LIBRARY = "libc++";
				CLANG_ENABLE_MODULES = YES;
				CLANG_ENABLE_OBJC_ARC = YES;
				CLANG_ENABLE_OBJC_WEAK = YES;
				CLANG_WARN_BLOCK_CAPTURE_AUTORELEASING = YES;
				CLANG_WARN_BOOL_CONVERSION = YES;
				CLANG_WARN_COMMA = YES;
				CLANG_WARN_CONSTANT_CONVERSION = YES;
				CLANG_WARN_DEPRECATED_OBJC_IMPLEMENTATIONS = YES;
				CLANG_WARN_DIRECT_OBJC_ISA_USAGE = YES_ERROR;
				CLANG_WARN_DOCUMENTATION_COMMENTS = YES;
				CLANG_WARN_EMPTY_BODY = YES;
				CLANG_WARN_ENUM_CONVERSION = YES;
				CLANG_WARN_INFINITE_RECURSION = YES;
				CLANG_WARN_INT_CONVERSION = YES;
				CLANG_WARN_NON_LITERAL_NULL_CONVERSION = YES;
				CLANG_WARN_OBJC_IMPLICIT_RETAIN_SELF = YES;
				CLANG_WARN_OBJC_LITERAL_CONVERSION = YES;
				CLANG_WARN_OBJC_ROOT_CLASS = YES_ERROR;
				CLANG_WARN_QUOTED_INCLUDE_IN_FRAMEWORK_HEADER = YES;
				CLANG_WARN_RANGE_LOOP_ANALYSIS = YES;
				CLANG_WARN_STRICT_PROTOTYPES = YES;
				CLANG_WARN_SUSPICIOUS_MOVE = YES;
				CLANG_WARN_UNGUARDED_AVAILABILITY = YES_AGGRESSIVE;
				CLANG_WARN_UNREACHABLE_CODE = YES;
				CLANG_WARN__DUPLICATE_METHOD_MATCH = YES;
				COPY_PHASE_STRIP = NO;
				DEBUG_INFORMATION_FORMAT = "dwarf-with-dsym";
				ENABLE_NS_ASSERTIONS = NO;
				ENABLE_STRICT_OBJC_MSGSEND = YES;
				GCC_C_LANGUAGE_STANDARD = gnu11;
				GCC_NO_COMMON_BLOCKS = YES;
				GCC_WARN_64_TO_32_BIT_CONVERSION = YES;
				GCC_WARN_ABOUT_RETURN_TYPE = YES_ERROR;
				GCC_WARN_UNDECLARED_SELECTOR = YES;
				GCC_WARN_UNINITIALIZED_AUTOS = YES_AGGRESSIVE;
				GCC_WARN_UNUSED_FUNCTION = YES;
				GCC_WARN_UNUSED_VARIABLE = YES;
				IPHONEOS_DEPLOYMENT_TARGET = 13.0;
				MTL_ENABLE_DEBUG_INFO = NO;
				MTL_FAST_MATH = YES;
				SDKROOT = iphoneos;
				SWIFT_COMPILATION_MODE = wholemodule;
				SWIFT_OPTIMIZATION_LEVEL = "-O";
				VALIDATE_PRODUCT = YES;
			};
			name = Release;
		};
		09CD092626A7C2E500574B58 /* Debug */ = {
			isa = XCBuildConfiguration;
			buildSettings = {
				ASSETCATALOG_COMPILER_APPICON_NAME = AppIcon;
				ASSETCATALOG_COMPILER_GLOBAL_ACCENT_COLOR_NAME = AccentColor;
				CODE_SIGN_STYLE = Automatic;
				INFOPLIST_FILE = MyHotels/Info.plist;
				LD_RUNPATH_SEARCH_PATHS = (
					"$(inherited)",
					"@executable_path/Frameworks",
				);
				PRODUCT_BUNDLE_IDENTIFIER = com.confidential.MyHotels;
				PRODUCT_NAME = "$(TARGET_NAME)";
				SWIFT_VERSION = 5.0;
				TARGETED_DEVICE_FAMILY = "1,2";
			};
			name = Debug;
		};
		09CD092726A7C2E500574B58 /* Release */ = {
			isa = XCBuildConfiguration;
			buildSettings = {
				ASSETCATALOG_COMPILER_APPICON_NAME = AppIcon;
				ASSETCATALOG_COMPILER_GLOBAL_ACCENT_COLOR_NAME = AccentColor;
				CODE_SIGN_STYLE = Automatic;
				INFOPLIST_FILE = MyHotels/Info.plist;
				LD_RUNPATH_SEARCH_PATHS = (
					"$(inherited)",
					"@executable_path/Frameworks",
				);
				PRODUCT_BUNDLE_IDENTIFIER = com.confidential.MyHotels;
				PRODUCT_NAME = "$(TARGET_NAME)";
				SWIFT_VERSION = 5.0;
				TARGETED_DEVICE_FAMILY = "1,2";
			};
			name = Release;
		};
		09CD092926A7C2E500574B58 /* Debug */ = {
			isa = XCBuildConfiguration;
			buildSettings = {
				ALWAYS_EMBED_SWIFT_STANDARD_LIBRARIES = YES;
				BUNDLE_LOADER = "$(TEST_HOST)";
				CODE_SIGN_STYLE = Automatic;
				INFOPLIST_FILE = MyHotelsTests/Info.plist;
				IPHONEOS_DEPLOYMENT_TARGET = 14.2;
				LD_RUNPATH_SEARCH_PATHS = (
					"$(inherited)",
					"@executable_path/Frameworks",
					"@loader_path/Frameworks",
				);
				PRODUCT_BUNDLE_IDENTIFIER = com.servicenow.MyHotelsTests;
				PRODUCT_NAME = "$(TARGET_NAME)";
				SWIFT_VERSION = 5.0;
				TARGETED_DEVICE_FAMILY = "1,2";
				TEST_HOST = "$(BUILT_PRODUCTS_DIR)/MyHotels.app/MyHotels";
			};
			name = Debug;
		};
		09CD092A26A7C2E500574B58 /* Release */ = {
			isa = XCBuildConfiguration;
			buildSettings = {
				ALWAYS_EMBED_SWIFT_STANDARD_LIBRARIES = YES;
				BUNDLE_LOADER = "$(TEST_HOST)";
				CODE_SIGN_STYLE = Automatic;
				INFOPLIST_FILE = MyHotelsTests/Info.plist;
				IPHONEOS_DEPLOYMENT_TARGET = 14.2;
				LD_RUNPATH_SEARCH_PATHS = (
					"$(inherited)",
					"@executable_path/Frameworks",
					"@loader_path/Frameworks",
				);
				PRODUCT_BUNDLE_IDENTIFIER = com.servicenow.MyHotelsTests;
				PRODUCT_NAME = "$(TARGET_NAME)";
				SWIFT_VERSION = 5.0;
				TARGETED_DEVICE_FAMILY = "1,2";
				TEST_HOST = "$(BUILT_PRODUCTS_DIR)/MyHotels.app/MyHotels";
			};
			name = Release;
		};
		09CD092C26A7C2E500574B58 /* Debug */ = {
			isa = XCBuildConfiguration;
			buildSettings = {
				ALWAYS_EMBED_SWIFT_STANDARD_LIBRARIES = YES;
				CODE_SIGN_STYLE = Automatic;
				INFOPLIST_FILE = MyHotelsUITests/Info.plist;
				LD_RUNPATH_SEARCH_PATHS = (
					"$(inherited)",
					"@executable_path/Frameworks",
					"@loader_path/Frameworks",
				);
				PRODUCT_BUNDLE_IDENTIFIER = com.servicenow.MyHotelsUITests;
				PRODUCT_NAME = "$(TARGET_NAME)";
				SWIFT_VERSION = 5.0;
				TARGETED_DEVICE_FAMILY = "1,2";
				TEST_TARGET_NAME = MyHotels;
			};
			name = Debug;
		};
		09CD092D26A7C2E500574B58 /* Release */ = {
			isa = XCBuildConfiguration;
			buildSettings = {
				ALWAYS_EMBED_SWIFT_STANDARD_LIBRARIES = YES;
				CODE_SIGN_STYLE = Automatic;
				INFOPLIST_FILE = MyHotelsUITests/Info.plist;
				LD_RUNPATH_SEARCH_PATHS = (
					"$(inherited)",
					"@executable_path/Frameworks",
					"@loader_path/Frameworks",
				);
				PRODUCT_BUNDLE_IDENTIFIER = com.servicenow.MyHotelsUITests;
				PRODUCT_NAME = "$(TARGET_NAME)";
				SWIFT_VERSION = 5.0;
				TARGETED_DEVICE_FAMILY = "1,2";
				TEST_TARGET_NAME = MyHotels;
			};
			name = Release;
		};
/* End XCBuildConfiguration section */

/* Begin XCConfigurationList section */
		09CD08F626A7C2E300574B58 /* Build configuration list for PBXProject "MyHotels" */ = {
			isa = XCConfigurationList;
			buildConfigurations = (
				09CD092326A7C2E500574B58 /* Debug */,
				09CD092426A7C2E500574B58 /* Release */,
			);
			defaultConfigurationIsVisible = 0;
			defaultConfigurationName = Release;
		};
		09CD092526A7C2E500574B58 /* Build configuration list for PBXNativeTarget "MyHotels" */ = {
			isa = XCConfigurationList;
			buildConfigurations = (
				09CD092626A7C2E500574B58 /* Debug */,
				09CD092726A7C2E500574B58 /* Release */,
			);
			defaultConfigurationIsVisible = 0;
			defaultConfigurationName = Release;
		};
		09CD092826A7C2E500574B58 /* Build configuration list for PBXNativeTarget "MyHotelsTests" */ = {
			isa = XCConfigurationList;
			buildConfigurations = (
				09CD092926A7C2E500574B58 /* Debug */,
				09CD092A26A7C2E500574B58 /* Release */,
			);
			defaultConfigurationIsVisible = 0;
			defaultConfigurationName = Release;
		};
		09CD092B26A7C2E500574B58 /* Build configuration list for PBXNativeTarget "MyHotelsUITests" */ = {
			isa = XCConfigurationList;
			buildConfigurations = (
				09CD092C26A7C2E500574B58 /* Debug */,
				09CD092D26A7C2E500574B58 /* Release */,
			);
			defaultConfigurationIsVisible = 0;
			defaultConfigurationName = Release;
		};
/* End XCConfigurationList section */
	};
	rootObject = 09CD08F326A7C2E300574B58 /* Project object */;
}
